{
  "nodes": {
    "nixpkgs": {
      "locked": {
        "lastModified": 1767911931,
        "narHash": "sha256-Ah3NUnAlJeev9J0bAb3MK7R0fFtTKkenmJ3PkNNUW5s=",
        "owner": "NixOS",
        "repo": "nixpkgs",
        "rev": "d4815de5f5c06c5673a03eb331f26ad75ad05d71",
        "type": "github"
      },
      "original": {
        "owner": "NixOS",
        "ref": "master",
        "repo": "nixpkgs",
        "type": "github"
      }
    },
    "root": {
      "inputs": {
        "nixpkgs": "nixpkgs"
      }
    }
  },
  "root": "root",
  "version": 7
}
